PODS:
  - AFNetworking (3.1.0):
    - AFNetworking/NSURLSession (= 3.1.0)
    - AFNetworking/Reachability (= 3.1.0)
    - AFNetworking/Security (= 3.1.0)
    - AFNetworking/Serialization (= 3.1.0)
    - AFNetworking/UIKit (= 3.1.0)
  - AFNetworking/NSURLSession (3.1.0):
    - AFNetworking/Reachability
    - AFNetworking/Security
    - AFNetworking/Serialization
  - AFNetworking/Reachability (3.1.0)
  - AFNetworking/Security (3.1.0)
  - AFNetworking/Serialization (3.1.0)
  - AFNetworking/UIKit (3.1.0):
    - AFNetworking/NSURLSession
  - MOBFoundation_IDFA (2.0.8)
  - SDWebImage (3.8.1):
    - SDWebImage/Core (= 3.8.1)
  - SDWebImage/Core (3.8.1)
  - SMSSDK (2.0.5)

DEPENDENCIES:
  - AFNetworking
  - MOBFoundation_IDFA
  - SDWebImage
  - SMSSDK

SPEC CHECKSUMS:
  AFNetworking: 5e0e199f73d8626b11e79750991f5d173d1f8b67
  MOBFoundation_IDFA: 7952e1ec75970779010ab17afe81c84fea990d8a
  SDWebImage: 35f9627a3e44b4f292a8a8ce6a531fa488239b91
  SMSSDK: 85375419fc969dc9398ce9922c5165c1e14ebe23

PODFILE CHECKSUM: f7ae7479eb32ae84a6be3c43825298ff32178314

COCOAPODS: 1.0.1
